
Microsoft Visual Studio Solution File, Format Version 12.00
# Visual Studio Version 16
VisualStudioVersion = 16.0.31624.102
MinimumVisualStudioVersion = 10.0.40219.1
Project("{FAE04EC0-301F-11D3-BF4B-00C04F79EFBC}") = "C-sharp_Task3-23", "C-sharp_Task3-23\C-sharp_Task3-23.csproj", "{97C6468C-BA3F-4A72-95F7-F2E689BDC8B2}"
EndProject
Global
	GlobalSection(SolutionConfigurationPlatforms) = preSolution
		Debug|Any CPU = Debug|Any CPU
		Release|Any CPU = Release|Any CPU
	EndGlobalSection
	GlobalSection(ProjectConfigurationPlatforms) = postSolution
		{97C6468C-BA3F-4A72-95F7-F2E689BDC8B2}.Debug|Any CPU.ActiveCfg = Debug|Any CPU
		{97C6468C-BA3F-4A72-95F7-F2E689BDC8B2}.Debug|Any CPU.Build.0 = Debug|Any CPU
		{97C6468C-BA3F-4A72-95F7-F2E689BDC8B2}.Release|Any CPU.ActiveCfg = Release|Any CPU
		{97C6468C-BA3F-4A72-95F7-F2E689BDC8B2}.Release|Any CPU.Build.0 = Release|Any CPU
	EndGlobalSection
	GlobalSection(SolutionProperties) = preSolution
		HideSolutionNode = FALSE
	EndGlobalSection
	GlobalSection(ExtensibilityGlobals) = postSolution
		SolutionGuid = {48B92EFF-D9E2-467B-93E8-87A0611FAE91}
	EndGlobalSection
EndGlobal
